
Microsoft Visual Studio Solution File, Format Version 12.00
# Visual Studio Version 16
VisualStudioVersion = 16.0.30621.155
MinimumVisualStudioVersion = 10.0.40219.1
Project("{FAE04EC0-301F-11D3-BF4B-00C04F79EFBC}") = "Jogo Xadrez", "Jogo Xadrez\Jogo Xadrez.csproj", "{77794405-9546-4803-BD13-AF404949EA41}"
EndProject
Global
	GlobalSection(SolutionConfigurationPlatforms) = preSolution
		Debug|Any CPU = Debug|Any CPU
		Release|Any CPU = Release|Any CPU
	EndGlobalSection
	GlobalSection(ProjectConfigurationPlatforms) = postSolution
		{77794405-9546-4803-BD13-AF404949EA41}.Debug|Any CPU.ActiveCfg = Debug|Any CPU
		{77794405-9546-4803-BD13-AF404949EA41}.Debug|Any CPU.Build.0 = Debug|Any CPU
		{77794405-9546-4803-BD13-AF404949EA41}.Release|Any CPU.ActiveCfg = Release|Any CPU
		{77794405-9546-4803-BD13-AF404949EA41}.Release|Any CPU.Build.0 = Release|Any CPU
	EndGlobalSection
	GlobalSection(SolutionProperties) = preSolution
		HideSolutionNode = FALSE
	EndGlobalSection
	GlobalSection(ExtensibilityGlobals) = postSolution
		SolutionGuid = {8FFD2DA0-1C9C-4025-88B5-5A6772BB1A9E}
	EndGlobalSection
EndGlobal
